// !$*UTF8*$!
{
	archiveVersion = 1;
	classes = {
	};
	objectVersion = 56;
	objects = {

/* Begin PBXBuildFile section */
		382A60C829482F5900F63C1B /* AppMeshNetworkDelegate.swift in Sources */ = {isa = PBXBuildFile; fileRef = 382A60C729482F5900F63C1B /* AppMeshNetworkDelegate.swift */; };
		382A60CA29493D1E00F63C1B /* NetworkConnection.swift in Sources */ = {isa = PBXBuildFile; fileRef = 382A60C929493D1E00F63C1B /* NetworkConnection.swift */; };
		382A60CC29496A6800F63C1B /* DropDownButton.swift in Sources */ = {isa = PBXBuildFile; fileRef = 382A60CB29496A6800F63C1B /* DropDownButton.swift */; };
		382A60CE294989F000F63C1B /* CentralManagerDelegate.swift in Sources */ = {isa = PBXBuildFile; fileRef = 382A60CD294989F000F63C1B /* CentralManagerDelegate.swift */; };
		382A60D0294ECBCD00F63C1B /* ProvisioningManagerDelegate.swift in Sources */ = {isa = PBXBuildFile; fileRef = 382A60CF294ECBCD00F63C1B /* ProvisioningManagerDelegate.swift */; };
		382A60D42950155700F63C1B /* provisioningBearerDelegate.swift in Sources */ = {isa = PBXBuildFile; fileRef = 382A60D32950155700F63C1B /* provisioningBearerDelegate.swift */; };
		382A60DC2952A24600F63C1B /* generalError.swift in Sources */ = {isa = PBXBuildFile; fileRef = 382A60DB2952A24600F63C1B /* generalError.swift */; };
		382A60DF2954BA7C00F63C1B /* ProvisioningCapabilitesPdu.swift in Sources */ = {isa = PBXBuildFile; fileRef = 382A60DE2954BA7C00F63C1B /* ProvisioningCapabilitesPdu.swift */; };
		382A60E42954CB7F00F63C1B /* Int+Hex.swift in Sources */ = {isa = PBXBuildFile; fileRef = 382A60E32954CB7F00F63C1B /* Int+Hex.swift */; };
		382A60E6295627B100F63C1B /* ProvisioningPdu.swift in Sources */ = {isa = PBXBuildFile; fileRef = 382A60E5295627B100F63C1B /* ProvisioningPdu.swift */; };
		382A60E92956C9F400F63C1B /* Crypto.swift in Sources */ = {isa = PBXBuildFile; fileRef = 382A60E82956C9F400F63C1B /* Crypto.swift */; };
		382A60EB29578A1400F63C1B /* ProvisioningData.swift in Sources */ = {isa = PBXBuildFile; fileRef = 382A60EA29578A1400F63C1B /* ProvisioningData.swift */; };
		382A60ED295A6A4500F63C1B /* MeshData.swift in Sources */ = {isa = PBXBuildFile; fileRef = 382A60EC295A6A4500F63C1B /* MeshData.swift */; };
		382A60EF295A8C3A00F63C1B /* MeshNetworkNewDevice.swift in Sources */ = {isa = PBXBuildFile; fileRef = 382A60EE295A8C3A00F63C1B /* MeshNetworkNewDevice.swift */; };
		382A60F1295A910900F63C1B /* IVIndex.swift in Sources */ = {isa = PBXBuildFile; fileRef = 382A60F0295A910900F63C1B /* IVIndex.swift */; };
		382A60F7295AA3A400F63C1B /* NetworkKey.swift in Sources */ = {isa = PBXBuildFile; fileRef = 382A60F6295AA3A400F63C1B /* NetworkKey.swift */; };
		382A60F9295CA63D00F63C1B /* UnprovisionedDeviceProvisioning.swift in Sources */ = {isa = PBXBuildFile; fileRef = 382A60F8295CA63D00F63C1B /* UnprovisionedDeviceProvisioning.swift */; };
		388FCA72294510550064FE05 /* PeripheralManagerDelegateForProvisioning.swift in Sources */ = {isa = PBXBuildFile; fileRef = 388FCA71294510550064FE05 /* PeripheralManagerDelegateForProvisioning.swift */; };
		388FCA74294585A10064FE05 /* AppModel.swift in Sources */ = {isa = PBXBuildFile; fileRef = 388FCA73294585A10064FE05 /* AppModel.swift */; };
		388FCA7729469C430064FE05 /* NordicMesh in Frameworks */ = {isa = PBXBuildFile; productRef = 388FCA7629469C430064FE05 /* NordicMesh */; };
		38FA9FCB293BB21700D90C32 /* VibespreaPrototypeApp.swift in Sources */ = {isa = PBXBuildFile; fileRef = 38FA9FCA293BB21700D90C32 /* VibespreaPrototypeApp.swift */; };
		38FA9FCD293BB21700D90C32 /* Persistence.swift in Sources */ = {isa = PBXBuildFile; fileRef = 38FA9FCC293BB21700D90C32 /* Persistence.swift */; };
		38FA9FD0293BB21700D90C32 /* VibespreaPrototype.xcdatamodeld in Sources */ = {isa = PBXBuildFile; fileRef = 38FA9FCE293BB21700D90C32 /* VibespreaPrototype.xcdatamodeld */; };
		38FA9FD2293BB21700D90C32 /* ContentView.swift in Sources */ = {isa = PBXBuildFile; fileRef = 38FA9FD1293BB21700D90C32 /* ContentView.swift */; };
		38FA9FD4293BB21800D90C32 /* Assets.xcassets in Resources */ = {isa = PBXBuildFile; fileRef = 38FA9FD3293BB21800D90C32 /* Assets.xcassets */; };
		38FA9FD8293BB21800D90C32 /* Preview Assets.xcassets in Resources */ = {isa = PBXBuildFile; fileRef = 38FA9FD7293BB21800D90C32 /* Preview Assets.xcassets */; };
		38FA9FE2293BB21900D90C32 /* VibespreaPrototypeTests.swift in Sources */ = {isa = PBXBuildFile; fileRef = 38FA9FE1293BB21900D90C32 /* VibespreaPrototypeTests.swift */; };
		38FA9FEC293BB21900D90C32 /* VibespreaPrototypeUITests.swift in Sources */ = {isa = PBXBuildFile; fileRef = 38FA9FEB293BB21900D90C32 /* VibespreaPrototypeUITests.swift */; };
		38FA9FEE293BB21900D90C32 /* VibespreaPrototypeUITestsLaunchTests.swift in Sources */ = {isa = PBXBuildFile; fileRef = 38FA9FED293BB21900D90C32 /* VibespreaPrototypeUITestsLaunchTests.swift */; };
		38FAA0A52943ABDD00D90C32 /* HomeScreen.swift in Sources */ = {isa = PBXBuildFile; fileRef = 38FAA0A42943ABDD00D90C32 /* HomeScreen.swift */; };
/* End PBXBuildFile section */

/* Begin PBXContainerItemProxy section */
		38FA9FDE293BB21900D90C32 /* PBXContainerItemProxy */ = {
			isa = PBXContainerItemProxy;
			containerPortal = 38FA9FBF293BB21700D90C32 /* Project object */;
			proxyType = 1;
			remoteGlobalIDString = 38FA9FC6293BB21700D90C32;
			remoteInfo = VibespreaPrototype;
		};
		38FA9FE8293BB21900D90C32 /* PBXContainerItemProxy */ = {
			isa = PBXContainerItemProxy;
			containerPortal = 38FA9FBF293BB21700D90C32 /* Project object */;
			proxyType = 1;
			remoteGlobalIDString = 38FA9FC6293BB21700D90C32;
			remoteInfo = VibespreaPrototype;
		};
/* End PBXContainerItemProxy section */

/* Begin PBXFileReference section */
		382A60C729482F5900F63C1B /* AppMeshNetworkDelegate.swift */ = {isa = PBXFileReference; lastKnownFileType = sourcecode.swift; path = AppMeshNetworkDelegate.swift; sourceTree = "<group>"; };
		382A60C929493D1E00F63C1B /* NetworkConnection.swift */ = {isa = PBXFileReference; lastKnownFileType = sourcecode.swift; path = NetworkConnection.swift; sourceTree = "<group>"; };
		382A60CB29496A6800F63C1B /* DropDownButton.swift */ = {isa = PBXFileReference; lastKnownFileType = sourcecode.swift; path = DropDownButton.swift; sourceTree = "<group>"; };
		382A60CD294989F000F63C1B /* CentralManagerDelegate.swift */ = {isa = PBXFileReference; lastKnownFileType = sourcecode.swift; path = CentralManagerDelegate.swift; sourceTree = "<group>"; };
		382A60CF294ECBCD00F63C1B /* ProvisioningManagerDelegate.swift */ = {isa = PBXFileReference; lastKnownFileType = sourcecode.swift; path = ProvisioningManagerDelegate.swift; sourceTree = "<group>"; };
		382A60D2294FA5DF00F63C1B /* IOS-nRF-Mesh-Library */ = {isa = PBXFileReference; lastKnownFileType = wrapper; name = "IOS-nRF-Mesh-Library"; path = "../../../../Documents/IOS-nRF-Mesh-Library"; sourceTree = "<group>"; };
		382A60D32950155700F63C1B /* provisioningBearerDelegate.swift */ = {isa = PBXFileReference; lastKnownFileType = sourcecode.swift; path = provisioningBearerDelegate.swift; sourceTree = "<group>"; };
		382A60DB2952A24600F63C1B /* generalError.swift */ = {isa = PBXFileReference; lastKnownFileType = sourcecode.swift; path = generalError.swift; sourceTree = "<group>"; };
		382A60DE2954BA7C00F63C1B /* ProvisioningCapabilitesPdu.swift */ = {isa = PBXFileReference; lastKnownFileType = sourcecode.swift; path = ProvisioningCapabilitesPdu.swift; sourceTree = "<group>"; };
		382A60E32954CB7F00F63C1B /* Int+Hex.swift */ = {isa = PBXFileReference; lastKnownFileType = sourcecode.swift; path = "Int+Hex.swift"; sourceTree = "<group>"; };
		382A60E5295627B100F63C1B /* ProvisioningPdu.swift */ = {isa = PBXFileReference; lastKnownFileType = sourcecode.swift; path = ProvisioningPdu.swift; sourceTree = "<group>"; };
		382A60E82956C9F400F63C1B /* Crypto.swift */ = {isa = PBXFileReference; lastKnownFileType = sourcecode.swift; path = Crypto.swift; sourceTree = "<group>"; };
		382A60EA29578A1400F63C1B /* ProvisioningData.swift */ = {isa = PBXFileReference; lastKnownFileType = sourcecode.swift; path = ProvisioningData.swift; sourceTree = "<group>"; };
		382A60EC295A6A4500F63C1B /* MeshData.swift */ = {isa = PBXFileReference; lastKnownFileType = sourcecode.swift; path = MeshData.swift; sourceTree = "<group>"; };
		382A60EE295A8C3A00F63C1B /* MeshNetworkNewDevice.swift */ = {isa = PBXFileReference; lastKnownFileType = sourcecode.swift; path = MeshNetworkNewDevice.swift; sourceTree = "<group>"; };
		382A60F0295A910900F63C1B /* IVIndex.swift */ = {isa = PBXFileReference; lastKnownFileType = sourcecode.swift; path = IVIndex.swift; sourceTree = "<group>"; };
		382A60F6295AA3A400F63C1B /* NetworkKey.swift */ = {isa = PBXFileReference; lastKnownFileType = sourcecode.swift; path = NetworkKey.swift; sourceTree = "<group>"; };
		382A60F8295CA63D00F63C1B /* UnprovisionedDeviceProvisioning.swift */ = {isa = PBXFileReference; lastKnownFileType = sourcecode.swift; path = UnprovisionedDeviceProvisioning.swift; sourceTree = "<group>"; };
		388FCA71294510550064FE05 /* PeripheralManagerDelegateForProvisioning.swift */ = {isa = PBXFileReference; lastKnownFileType = sourcecode.swift; path = PeripheralManagerDelegateForProvisioning.swift; sourceTree = "<group>"; };
		388FCA73294585A10064FE05 /* AppModel.swift */ = {isa = PBXFileReference; lastKnownFileType = sourcecode.swift; path = AppModel.swift; sourceTree = "<group>"; };
		38FA9FC7293BB21700D90C32 /* VibespreaPrototype.app */ = {isa = PBXFileReference; explicitFileType = wrapper.application; includeInIndex = 0; path = VibespreaPrototype.app; sourceTree = BUILT_PRODUCTS_DIR; };
		38FA9FCA293BB21700D90C32 /* VibespreaPrototypeApp.swift */ = {isa = PBXFileReference; lastKnownFileType = sourcecode.swift; path = VibespreaPrototypeApp.swift; sourceTree = "<group>"; };
		38FA9FCC293BB21700D90C32 /* Persistence.swift */ = {isa = PBXFileReference; lastKnownFileType = sourcecode.swift; path = Persistence.swift; sourceTree = "<group>"; };
		38FA9FCF293BB21700D90C32 /* VibespreaPrototype.xcdatamodel */ = {isa = PBXFileReference; lastKnownFileType = wrapper.xcdatamodel; path = VibespreaPrototype.xcdatamodel; sourceTree = "<group>"; };
		38FA9FD1293BB21700D90C32 /* ContentView.swift */ = {isa = PBXFileReference; lastKnownFileType = sourcecode.swift; path = ContentView.swift; sourceTree = "<group>"; };
		38FA9FD3293BB21800D90C32 /* Assets.xcassets */ = {isa = PBXFileReference; lastKnownFileType = folder.assetcatalog; path = Assets.xcassets; sourceTree = "<group>"; };
		38FA9FD5293BB21800D90C32 /* VibespreaPrototype.entitlements */ = {isa = PBXFileReference; lastKnownFileType = text.plist.entitlements; path = VibespreaPrototype.entitlements; sourceTree = "<group>"; };
		38FA9FD7293BB21800D90C32 /* Preview Assets.xcassets */ = {isa = PBXFileReference; lastKnownFileType = folder.assetcatalog; path = "Preview Assets.xcassets"; sourceTree = "<group>"; };
		38FA9FDD293BB21900D90C32 /* VibespreaPrototypeTests.xctest */ = {isa = PBXFileReference; explicitFileType = wrapper.cfbundle; includeInIndex = 0; path = VibespreaPrototypeTests.xctest; sourceTree = BUILT_PRODUCTS_DIR; };
		38FA9FE1293BB21900D90C32 /* VibespreaPrototypeTests.swift */ = {isa = PBXFileReference; lastKnownFileType = sourcecode.swift; path = VibespreaPrototypeTests.swift; sourceTree = "<group>"; };
		38FA9FE7293BB21900D90C32 /* VibespreaPrototypeUITests.xctest */ = {isa = PBXFileReference; explicitFileType = wrapper.cfbundle; includeInIndex = 0; path = VibespreaPrototypeUITests.xctest; sourceTree = BUILT_PRODUCTS_DIR; };
		38FA9FEB293BB21900D90C32 /* VibespreaPrototypeUITests.swift */ = {isa = PBXFileReference; lastKnownFileType = sourcecode.swift; path = VibespreaPrototypeUITests.swift; sourceTree = "<group>"; };
		38FA9FED293BB21900D90C32 /* VibespreaPrototypeUITestsLaunchTests.swift */ = {isa = PBXFileReference; lastKnownFileType = sourcecode.swift; path = VibespreaPrototypeUITestsLaunchTests.swift; sourceTree = "<group>"; };
		38FAA0A42943ABDD00D90C32 /* HomeScreen.swift */ = {isa = PBXFileReference; lastKnownFileType = sourcecode.swift; path = HomeScreen.swift; sourceTree = "<group>"; };
		38FAA0A62944DE2200D90C32 /* Info.plist */ = {isa = PBXFileReference; lastKnownFileType = text.plist; path = Info.plist; sourceTree = "<group>"; };
/* End PBXFileReference section */

/* Begin PBXFrameworksBuildPhase section */
		38FA9FC4293BB21700D90C32 /* Frameworks */ = {
			isa = PBXFrameworksBuildPhase;
			buildActionMask = 2147483647;
			files = (
				388FCA7729469C430064FE05 /* NordicMesh in Frameworks */,
			);
			runOnlyForDeploymentPostprocessing = 0;
		};
		38FA9FDA293BB21900D90C32 /* Frameworks */ = {
			isa = PBXFrameworksBuildPhase;
			buildActionMask = 2147483647;
			files = (
			);
			runOnlyForDeploymentPostprocessing = 0;
		};
		38FA9FE4293BB21900D90C32 /* Frameworks */ = {
			isa = PBXFrameworksBuildPhase;
			buildActionMask = 2147483647;
			files = (
			);
			runOnlyForDeploymentPostprocessing = 0;
		};
/* End PBXFrameworksBuildPhase section */

/* Begin PBXGroup section */
		382A60D5295026D800F63C1B /* Views */ = {
			isa = PBXGroup;
			children = (
				382A60CB29496A6800F63C1B /* DropDownButton.swift */,
				38FA9FD1293BB21700D90C32 /* ContentView.swift */,
				38FAA0A42943ABDD00D90C32 /* HomeScreen.swift */,
				382A60DB2952A24600F63C1B /* generalError.swift */,
			);
			path = Views;
			sourceTree = "<group>";
		};
		382A60D7295026F600F63C1B /* Models */ = {
			isa = PBXGroup;
			children = (
				388FCA73294585A10064FE05 /* AppModel.swift */,
				382A60EC295A6A4500F63C1B /* MeshData.swift */,
				382A60EE295A8C3A00F63C1B /* MeshNetworkNewDevice.swift */,
				382A60F0295A910900F63C1B /* IVIndex.swift */,
				382A60F6295AA3A400F63C1B /* NetworkKey.swift */,
			);
			path = Models;
			sourceTree = "<group>";
		};
		382A60D82950271500F63C1B /* Delegates */ = {
			isa = PBXGroup;
			children = (
				382A60CD294989F000F63C1B /* CentralManagerDelegate.swift */,
				382A60C729482F5900F63C1B /* AppMeshNetworkDelegate.swift */,
			);
			path = Delegates;
			sourceTree = "<group>";
		};
		382A60DD2954BA3F00F63C1B /* PeripheralPDUS */ = {
			isa = PBXGroup;
			children = (
				382A60DE2954BA7C00F63C1B /* ProvisioningCapabilitesPdu.swift */,
				382A60E5295627B100F63C1B /* ProvisioningPdu.swift */,
			);
			path = PeripheralPDUS;
			sourceTree = "<group>";
		};
		382A60E22954CB3900F63C1B /* TypeExtensions */ = {
			isa = PBXGroup;
			children = (
				382A60E32954CB7F00F63C1B /* Int+Hex.swift */,
			);
			path = TypeExtensions;
			sourceTree = "<group>";
		};
		382A60E7295650D800F63C1B /* utilities */ = {
			isa = PBXGroup;
			children = (
				382A60E82956C9F400F63C1B /* Crypto.swift */,
				382A60EA29578A1400F63C1B /* ProvisioningData.swift */,
			);
			path = utilities;
			sourceTree = "<group>";
		};
		382A60FA295E1C7F00F63C1B /* Provisioning */ = {
			isa = PBXGroup;
			children = (
				382A60FC295E1EE700F63C1B /* Protocols */,
				382A60FB295E1EDE00F63C1B /* Delegates */,
			);
			path = Provisioning;
			sourceTree = "<group>";
		};
		382A60FB295E1EDE00F63C1B /* Delegates */ = {
			isa = PBXGroup;
			children = (
				382A60CF294ECBCD00F63C1B /* ProvisioningManagerDelegate.swift */,
				382A60D32950155700F63C1B /* provisioningBearerDelegate.swift */,
				388FCA71294510550064FE05 /* PeripheralManagerDelegateForProvisioning.swift */,
			);
			path = Delegates;
			sourceTree = "<group>";
		};
		382A60FC295E1EE700F63C1B /* Protocols */ = {
			isa = PBXGroup;
			children = (
				382A60F8295CA63D00F63C1B /* UnprovisionedDeviceProvisioning.swift */,
			);
			path = Protocols;
			sourceTree = "<group>";
		};
		38FA9FBE293BB21700D90C32 = {
			isa = PBXGroup;
			children = (
				38FA9FC9293BB21700D90C32 /* VibespreaPrototype */,
				38FA9FE0293BB21900D90C32 /* VibespreaPrototypeTests */,
				38FA9FEA293BB21900D90C32 /* VibespreaPrototypeUITests */,
				38FA9FC8293BB21700D90C32 /* Products */,
			);
			sourceTree = "<group>";
		};
		38FA9FC8293BB21700D90C32 /* Products */ = {
			isa = PBXGroup;
			children = (
				38FA9FC7293BB21700D90C32 /* VibespreaPrototype.app */,
				38FA9FDD293BB21900D90C32 /* VibespreaPrototypeTests.xctest */,
				38FA9FE7293BB21900D90C32 /* VibespreaPrototypeUITests.xctest */,
			);
			name = Products;
			sourceTree = "<group>";
		};
		38FA9FC9293BB21700D90C32 /* VibespreaPrototype */ = {
			isa = PBXGroup;
			children = (
				382A60FA295E1C7F00F63C1B /* Provisioning */,
				382A60E7295650D800F63C1B /* utilities */,
				382A60E22954CB3900F63C1B /* TypeExtensions */,
				382A60DD2954BA3F00F63C1B /* PeripheralPDUS */,
				382A60D2294FA5DF00F63C1B /* IOS-nRF-Mesh-Library */,
				38FAA0A62944DE2200D90C32 /* Info.plist */,
				38FA9FCA293BB21700D90C32 /* VibespreaPrototypeApp.swift */,
				38FA9FCC293BB21700D90C32 /* Persistence.swift */,
				382A60D7295026F600F63C1B /* Models */,
				382A60D5295026D800F63C1B /* Views */,
				38FA9FD3293BB21800D90C32 /* Assets.xcassets */,
				382A60D82950271500F63C1B /* Delegates */,
				38FA9FD5293BB21800D90C32 /* VibespreaPrototype.entitlements */,
				38FA9FCE293BB21700D90C32 /* VibespreaPrototype.xcdatamodeld */,
				38FA9FD6293BB21800D90C32 /* Preview Content */,
				382A60C929493D1E00F63C1B /* NetworkConnection.swift */,
			);
			path = VibespreaPrototype;
			sourceTree = "<group>";
		};
		38FA9FD6293BB21800D90C32 /* Preview Content */ = {
			isa = PBXGroup;
			children = (
				38FA9FD7293BB21800D90C32 /* Preview Assets.xcassets */,
			);
			path = "Preview Content";
			sourceTree = "<group>";
		};
		38FA9FE0293BB21900D90C32 /* VibespreaPrototypeTests */ = {
			isa = PBXGroup;
			children = (
				38FA9FE1293BB21900D90C32 /* VibespreaPrototypeTests.swift */,
			);
			path = VibespreaPrototypeTests;
			sourceTree = "<group>";
		};
		38FA9FEA293BB21900D90C32 /* VibespreaPrototypeUITests */ = {
			isa = PBXGroup;
			children = (
				38FA9FEB293BB21900D90C32 /* VibespreaPrototypeUITests.swift */,
				38FA9FED293BB21900D90C32 /* VibespreaPrototypeUITestsLaunchTests.swift */,
			);
			path = VibespreaPrototypeUITests;
			sourceTree = "<group>";
		};
/* End PBXGroup section */

/* Begin PBXNativeTarget section */
		38FA9FC6293BB21700D90C32 /* VibespreaPrototype */ = {
			isa = PBXNativeTarget;
			buildConfigurationList = 38FA9FF1293BB21900D90C32 /* Build configuration list for PBXNativeTarget "VibespreaPrototype" */;
			buildPhases = (
				38FA9FC3293BB21700D90C32 /* Sources */,
				38FA9FC4293BB21700D90C32 /* Frameworks */,
				38FA9FC5293BB21700D90C32 /* Resources */,
			);
			buildRules = (
			);
			dependencies = (
			);
			name = VibespreaPrototype;
			packageProductDependencies = (
				388FCA7629469C430064FE05 /* NordicMesh */,
			);
			productName = VibespreaPrototype;
			productReference = 38FA9FC7293BB21700D90C32 /* VibespreaPrototype.app */;
			productType = "com.apple.product-type.application";
		};
		38FA9FDC293BB21900D90C32 /* VibespreaPrototypeTests */ = {
			isa = PBXNativeTarget;
			buildConfigurationList = 38FA9FF4293BB21900D90C32 /* Build configuration list for PBXNativeTarget "VibespreaPrototypeTests" */;
			buildPhases = (
				38FA9FD9293BB21900D90C32 /* Sources */,
				38FA9FDA293BB21900D90C32 /* Frameworks */,
				38FA9FDB293BB21900D90C32 /* Resources */,
			);
			buildRules = (
			);
			dependencies = (
				38FA9FDF293BB21900D90C32 /* PBXTargetDependency */,
			);
			name = VibespreaPrototypeTests;
			productName = VibespreaPrototypeTests;
			productReference = 38FA9FDD293BB21900D90C32 /* VibespreaPrototypeTests.xctest */;
			productType = "com.apple.product-type.bundle.unit-test";
		};
		38FA9FE6293BB21900D90C32 /* VibespreaPrototypeUITests */ = {
			isa = PBXNativeTarget;
			buildConfigurationList = 38FA9FF7293BB21900D90C32 /* Build configuration list for PBXNativeTarget "VibespreaPrototypeUITests" */;
			buildPhases = (
				38FA9FE3293BB21900D90C32 /* Sources */,
				38FA9FE4293BB21900D90C32 /* Frameworks */,
				38FA9FE5293BB21900D90C32 /* Resources */,
			);
			buildRules = (
			);
			dependencies = (
				38FA9FE9293BB21900D90C32 /* PBXTargetDependency */,
			);
			name = VibespreaPrototypeUITests;
			productName = VibespreaPrototypeUITests;
			productReference = 38FA9FE7293BB21900D90C32 /* VibespreaPrototypeUITests.xctest */;
			productType = "com.apple.product-type.bundle.ui-testing";
		};
/* End PBXNativeTarget section */

/* Begin PBXProject section */
		38FA9FBF293BB21700D90C32 /* Project object */ = {
			isa = PBXProject;
			attributes = {
				BuildIndependentTargetsInParallel = 1;
				LastSwiftUpdateCheck = 1410;
				LastUpgradeCheck = 1410;
				TargetAttributes = {
					38FA9FC6293BB21700D90C32 = {
						CreatedOnToolsVersion = 14.1;
					};
					38FA9FDC293BB21900D90C32 = {
						CreatedOnToolsVersion = 14.1;
						TestTargetID = 38FA9FC6293BB21700D90C32;
					};
					38FA9FE6293BB21900D90C32 = {
						CreatedOnToolsVersion = 14.1;
						TestTargetID = 38FA9FC6293BB21700D90C32;
					};
				};
			};
			buildConfigurationList = 38FA9FC2293BB21700D90C32 /* Build configuration list for PBXProject "VibespreaPrototype" */;
			compatibilityVersion = "Xcode 14.0";
			developmentRegion = en;
			hasScannedForEncodings = 0;
			knownRegions = (
				en,
				Base,
			);
			mainGroup = 38FA9FBE293BB21700D90C32;
			packageReferences = (
				388FCA7529469C420064FE05 /* XCRemoteSwiftPackageReference "IOS-nRF-Mesh-Library" */,
			);
			productRefGroup = 38FA9FC8293BB21700D90C32 /* Products */;
			projectDirPath = "";
			projectRoot = "";
			targets = (
				38FA9FC6293BB21700D90C32 /* VibespreaPrototype */,
				38FA9FDC293BB21900D90C32 /* VibespreaPrototypeTests */,
				38FA9FE6293BB21900D90C32 /* VibespreaPrototypeUITests */,
			);
		};
/* End PBXProject section */

/* Begin PBXResourcesBuildPhase section */
		38FA9FC5293BB21700D90C32 /* Resources */ = {
			isa = PBXResourcesBuildPhase;
			buildActionMask = 2147483647;
			files = (
				38FA9FD8293BB21800D90C32 /* Preview Assets.xcassets in Resources */,
				38FA9FD4293BB21800D90C32 /* Assets.xcassets in Resources */,
			);
			runOnlyForDeploymentPostprocessing = 0;
		};
		38FA9FDB293BB21900D90C32 /* Resources */ = {
			isa = PBXResourcesBuildPhase;
			buildActionMask = 2147483647;
			files = (
			);
			runOnlyForDeploymentPostprocessing = 0;
		};
		38FA9FE5293BB21900D90C32 /* Resources */ = {
			isa = PBXResourcesBuildPhase;
			buildActionMask = 2147483647;
			files = (
			);
			runOnlyForDeploymentPostprocessing = 0;
		};
/* End PBXResourcesBuildPhase section */

/* Begin PBXSourcesBuildPhase section */
		38FA9FC3293BB21700D90C32 /* Sources */ = {
			isa = PBXSourcesBuildPhase;
			buildActionMask = 2147483647;
			files = (
				382A60ED295A6A4500F63C1B /* MeshData.swift in Sources */,
				382A60E42954CB7F00F63C1B /* Int+Hex.swift in Sources */,
				382A60C829482F5900F63C1B /* AppMeshNetworkDelegate.swift in Sources */,
				38FA9FCB293BB21700D90C32 /* VibespreaPrototypeApp.swift in Sources */,
				382A60D42950155700F63C1B /* provisioningBearerDelegate.swift in Sources */,
				382A60F1295A910900F63C1B /* IVIndex.swift in Sources */,
				382A60F7295AA3A400F63C1B /* NetworkKey.swift in Sources */,
				382A60DC2952A24600F63C1B /* generalError.swift in Sources */,
				382A60E92956C9F400F63C1B /* Crypto.swift in Sources */,
				382A60CC29496A6800F63C1B /* DropDownButton.swift in Sources */,
				388FCA74294585A10064FE05 /* AppModel.swift in Sources */,
				38FAA0A52943ABDD00D90C32 /* HomeScreen.swift in Sources */,
				38FA9FCD293BB21700D90C32 /* Persistence.swift in Sources */,
				382A60EB29578A1400F63C1B /* ProvisioningData.swift in Sources */,
				382A60EF295A8C3A00F63C1B /* MeshNetworkNewDevice.swift in Sources */,
				382A60DF2954BA7C00F63C1B /* ProvisioningCapabilitesPdu.swift in Sources */,
				382A60E6295627B100F63C1B /* ProvisioningPdu.swift in Sources */,
				388FCA72294510550064FE05 /* PeripheralManagerDelegateForProvisioning.swift in Sources */,
				382A60D0294ECBCD00F63C1B /* ProvisioningManagerDelegate.swift in Sources */,
				382A60F9295CA63D00F63C1B /* UnprovisionedDeviceProvisioning.swift in Sources */,
				38FA9FD2293BB21700D90C32 /* ContentView.swift in Sources */,
				38FA9FD0293BB21700D90C32 /* VibespreaPrototype.xcdatamodeld in Sources */,
				382A60CA29493D1E00F63C1B /* NetworkConnection.swift in Sources */,
				382A60CE294989F000F63C1B /* CentralManagerDelegate.swift in Sources */,
			);
			runOnlyForDeploymentPostprocessing = 0;
		};
		38FA9FD9293BB21900D90C32 /* Sources */ = {
			isa = PBXSourcesBuildPhase;
			buildActionMask = 2147483647;
			files = (
				38FA9FE2293BB21900D90C32 /* VibespreaPrototypeTests.swift in Sources */,
			);
			runOnlyForDeploymentPostprocessing = 0;
		};
		38FA9FE3293BB21900D90C32 /* Sources */ = {
			isa = PBXSourcesBuildPhase;
			buildActionMask = 2147483647;
			files = (
				38FA9FEC293BB21900D90C32 /* VibespreaPrototypeUITests.swift in Sources */,
				38FA9FEE293BB21900D90C32 /* VibespreaPrototypeUITestsLaunchTests.swift in Sources */,
			);
			runOnlyForDeploymentPostprocessing = 0;
		};
/* End PBXSourcesBuildPhase section */

/* Begin PBXTargetDependency section */
		38FA9FDF293BB21900D90C32 /* PBXTargetDependency */ = {
			isa = PBXTargetDependency;
			target = 38FA9FC6293BB21700D90C32 /* VibespreaPrototype */;
			targetProxy = 38FA9FDE293BB21900D90C32 /* PBXContainerItemProxy */;
		};
		38FA9FE9293BB21900D90C32 /* PBXTargetDependency */ = {
			isa = PBXTargetDependency;
			target = 38FA9FC6293BB21700D90C32 /* VibespreaPrototype */;
			targetProxy = 38FA9FE8293BB21900D90C32 /* PBXContainerItemProxy */;
		};
/* End PBXTargetDependency section */

/* Begin XCBuildConfiguration section */
		38FA9FEF293BB21900D90C32 /* Debug */ = {
			isa = XCBuildConfiguration;
			buildSettings = {
				ALWAYS_SEARCH_USER_PATHS = NO;
				CLANG_ANALYZER_NONNULL = YES;
				CLANG_ANALYZER_NUMBER_OBJECT_CONVERSION = YES_AGGRESSIVE;
				CLANG_CXX_LANGUAGE_STANDARD = "gnu++20";
				CLANG_ENABLE_MODULES = YES;
				CLANG_ENABLE_OBJC_ARC = YES;
				CLANG_ENABLE_OBJC_WEAK = YES;
				CLANG_WARN_BLOCK_CAPTURE_AUTORELEASING = YES;
				CLANG_WARN_BOOL_CONVERSION = YES;
				CLANG_WARN_COMMA = YES;
				CLANG_WARN_CONSTANT_CONVERSION = YES;
				CLANG_WARN_DEPRECATED_OBJC_IMPLEMENTATIONS = YES;
				CLANG_WARN_DIRECT_OBJC_ISA_USAGE = YES_ERROR;
				CLANG_WARN_DOCUMENTATION_COMMENTS = YES;
				CLANG_WARN_EMPTY_BODY = YES;
				CLANG_WARN_ENUM_CONVERSION = YES;
				CLANG_WARN_INFINITE_RECURSION = YES;
				CLANG_WARN_INT_CONVERSION = YES;
				CLANG_WARN_NON_LITERAL_NULL_CONVERSION = YES;
				CLANG_WARN_OBJC_IMPLICIT_RETAIN_SELF = YES;
				CLANG_WARN_OBJC_LITERAL_CONVERSION = YES;
				CLANG_WARN_OBJC_ROOT_CLASS = YES_ERROR;
				CLANG_WARN_QUOTED_INCLUDE_IN_FRAMEWORK_HEADER = YES;
				CLANG_WARN_RANGE_LOOP_ANALYSIS = YES;
				CLANG_WARN_STRICT_PROTOTYPES = YES;
				CLANG_WARN_SUSPICIOUS_MOVE = YES;
				CLANG_WARN_UNGUARDED_AVAILABILITY = YES_AGGRESSIVE;
				CLANG_WARN_UNREACHABLE_CODE = YES;
				CLANG_WARN__DUPLICATE_METHOD_MATCH = YES;
				COPY_PHASE_STRIP = NO;
				DEBUG_INFORMATION_FORMAT = dwarf;
				ENABLE_STRICT_OBJC_MSGSEND = YES;
				ENABLE_TESTABILITY = YES;
				GCC_C_LANGUAGE_STANDARD = gnu11;
				GCC_DYNAMIC_NO_PIC = NO;
				GCC_NO_COMMON_BLOCKS = YES;
				GCC_OPTIMIZATION_LEVEL = 0;
				GCC_PREPROCESSOR_DEFINITIONS = (
					"DEBUG=1",
					"$(inherited)",
				);
				GCC_WARN_64_TO_32_BIT_CONVERSION = YES;
				GCC_WARN_ABOUT_RETURN_TYPE = YES_ERROR;
				GCC_WARN_UNDECLARED_SELECTOR = YES;
				GCC_WARN_UNINITIALIZED_AUTOS = YES_AGGRESSIVE;
				GCC_WARN_UNUSED_FUNCTION = YES;
				GCC_WARN_UNUSED_VARIABLE = YES;
				IPHONEOS_DEPLOYMENT_TARGET = 12;
				MTL_ENABLE_DEBUG_INFO = INCLUDE_SOURCE;
				MTL_FAST_MATH = YES;
				ONLY_ACTIVE_ARCH = YES;
				SWIFT_ACTIVE_COMPILATION_CONDITIONS = DEBUG;
				SWIFT_OPTIMIZATION_LEVEL = "-Onone";
			};
			name = Debug;
		};
		38FA9FF0293BB21900D90C32 /* Release */ = {
			isa = XCBuildConfiguration;
			buildSettings = {
				ALWAYS_SEARCH_USER_PATHS = NO;
				CLANG_ANALYZER_NONNULL = YES;
				CLANG_ANALYZER_NUMBER_OBJECT_CONVERSION = YES_AGGRESSIVE;
				CLANG_CXX_LANGUAGE_STANDARD = "gnu++20";
				CLANG_ENABLE_MODULES = YES;
				CLANG_ENABLE_OBJC_ARC = YES;
				CLANG_ENABLE_OBJC_WEAK = YES;
				CLANG_WARN_BLOCK_CAPTURE_AUTORELEASING = YES;
				CLANG_WARN_BOOL_CONVERSION = YES;
				CLANG_WARN_COMMA = YES;
				CLANG_WARN_CONSTANT_CONVERSION = YES;
				CLANG_WARN_DEPRECATED_OBJC_IMPLEMENTATIONS = YES;
				CLANG_WARN_DIRECT_OBJC_ISA_USAGE = YES_ERROR;
				CLANG_WARN_DOCUMENTATION_COMMENTS = YES;
				CLANG_WARN_EMPTY_BODY = YES;
				CLANG_WARN_ENUM_CONVERSION = YES;
				CLANG_WARN_INFINITE_RECURSION = YES;
				CLANG_WARN_INT_CONVERSION = YES;
				CLANG_WARN_NON_LITERAL_NULL_CONVERSION = YES;
				CLANG_WARN_OBJC_IMPLICIT_RETAIN_SELF = YES;
				CLANG_WARN_OBJC_LITERAL_CONVERSION = YES;
				CLANG_WARN_OBJC_ROOT_CLASS = YES_ERROR;
				CLANG_WARN_QUOTED_INCLUDE_IN_FRAMEWORK_HEADER = YES;
				CLANG_WARN_RANGE_LOOP_ANALYSIS = YES;
				CLANG_WARN_STRICT_PROTOTYPES = YES;
				CLANG_WARN_SUSPICIOUS_MOVE = YES;
				CLANG_WARN_UNGUARDED_AVAILABILITY = YES_AGGRESSIVE;
				CLANG_WARN_UNREACHABLE_CODE = YES;
				CLANG_WARN__DUPLICATE_METHOD_MATCH = YES;
				COPY_PHASE_STRIP = NO;
				DEBUG_INFORMATION_FORMAT = "dwarf-with-dsym";
				ENABLE_NS_ASSERTIONS = NO;
				ENABLE_STRICT_OBJC_MSGSEND = YES;
				GCC_C_LANGUAGE_STANDARD = gnu11;
				GCC_NO_COMMON_BLOCKS = YES;
				GCC_WARN_64_TO_32_BIT_CONVERSION = YES;
				GCC_WARN_ABOUT_RETURN_TYPE = YES_ERROR;
				GCC_WARN_UNDECLARED_SELECTOR = YES;
				GCC_WARN_UNINITIALIZED_AUTOS = YES_AGGRESSIVE;
				GCC_WARN_UNUSED_FUNCTION = YES;
				GCC_WARN_UNUSED_VARIABLE = YES;
				IPHONEOS_DEPLOYMENT_TARGET = 12;
				MTL_ENABLE_DEBUG_INFO = NO;
				MTL_FAST_MATH = YES;
				SWIFT_COMPILATION_MODE = wholemodule;
				SWIFT_OPTIMIZATION_LEVEL = "-O";
			};
			name = Release;
		};
		38FA9FF2293BB21900D90C32 /* Debug */ = {
			isa = XCBuildConfiguration;
			buildSettings = {
				ASSETCATALOG_COMPILER_APPICON_NAME = AppIcon;
				ASSETCATALOG_COMPILER_GLOBAL_ACCENT_COLOR_NAME = AccentColor;
				CODE_SIGN_ENTITLEMENTS = VibespreaPrototype/VibespreaPrototype.entitlements;
				CODE_SIGN_STYLE = Automatic;
				CURRENT_PROJECT_VERSION = 1;
				DEVELOPMENT_ASSET_PATHS = "\"VibespreaPrototype/Preview Content\"";
				DEVELOPMENT_TEAM = RBWS8V3FGU;
				ENABLE_HARDENED_RUNTIME = YES;
				ENABLE_PREVIEWS = YES;
				GENERATE_INFOPLIST_FILE = YES;
				INFOPLIST_FILE = VibespreaPrototype/Info.plist;
				INFOPLIST_KEY_CFBundleDisplayName = "";
				INFOPLIST_KEY_LSApplicationCategoryType = "";
				INFOPLIST_KEY_NSBluetoothAlwaysUsageDescription = "Bluetooth is required to use this app :) TURN IT ON";
				INFOPLIST_KEY_NSHumanReadableCopyright = "";
				"INFOPLIST_KEY_UIApplicationSceneManifest_Generation[sdk=iphoneos*]" = YES;
				"INFOPLIST_KEY_UIApplicationSceneManifest_Generation[sdk=iphonesimulator*]" = YES;
				"INFOPLIST_KEY_UIApplicationSupportsIndirectInputEvents[sdk=iphoneos*]" = YES;
				"INFOPLIST_KEY_UIApplicationSupportsIndirectInputEvents[sdk=iphonesimulator*]" = YES;
				"INFOPLIST_KEY_UILaunchScreen_Generation[sdk=iphoneos*]" = YES;
				"INFOPLIST_KEY_UILaunchScreen_Generation[sdk=iphonesimulator*]" = YES;
				"INFOPLIST_KEY_UIStatusBarStyle[sdk=iphoneos*]" = UIStatusBarStyleDefault;
				"INFOPLIST_KEY_UIStatusBarStyle[sdk=iphonesimulator*]" = UIStatusBarStyleDefault;
				INFOPLIST_KEY_UISupportedInterfaceOrientations_iPad = "UIInterfaceOrientationPortrait UIInterfaceOrientationPortraitUpsideDown UIInterfaceOrientationLandscapeLeft UIInterfaceOrientationLandscapeRight";
				INFOPLIST_KEY_UISupportedInterfaceOrientations_iPhone = "UIInterfaceOrientationPortrait UIInterfaceOrientationLandscapeLeft UIInterfaceOrientationLandscapeRight";
				IPHONEOS_DEPLOYMENT_TARGET = 16.0;
				LD_RUNPATH_SEARCH_PATHS = "@executable_path/Frameworks";
				"LD_RUNPATH_SEARCH_PATHS[sdk=macosx*]" = "@executable_path/../Frameworks";
				MACOSX_DEPLOYMENT_TARGET = 13.0;
				MARKETING_VERSION = 1.0;
				PRODUCT_BUNDLE_IDENTIFIER = vibesprea.VibespreaPrototype;
				PRODUCT_NAME = "$(TARGET_NAME)";
				SDKROOT = auto;
				SUPPORTED_PLATFORMS = "iphoneos iphonesimulator macosx";
				SWIFT_EMIT_LOC_STRINGS = YES;
				SWIFT_VERSION = 5.0;
				TARGETED_DEVICE_FAMILY = "1,2";
			};
			name = Debug;
		};
		38FA9FF3293BB21900D90C32 /* Release */ = {
			isa = XCBuildConfiguration;
			buildSettings = {
				ASSETCATALOG_COMPILER_APPICON_NAME = AppIcon;
				ASSETCATALOG_COMPILER_GLOBAL_ACCENT_COLOR_NAME = AccentColor;
				CODE_SIGN_ENTITLEMENTS = VibespreaPrototype/VibespreaPrototype.entitlements;
				CODE_SIGN_STYLE = Automatic;
				CURRENT_PROJECT_VERSION = 1;
				DEVELOPMENT_ASSET_PATHS = "\"VibespreaPrototype/Preview Content\"";
				DEVELOPMENT_TEAM = RBWS8V3FGU;
				ENABLE_HARDENED_RUNTIME = YES;
				ENABLE_PREVIEWS = YES;
				GENERATE_INFOPLIST_FILE = YES;
				INFOPLIST_FILE = VibespreaPrototype/Info.plist;
				INFOPLIST_KEY_CFBundleDisplayName = "";
				INFOPLIST_KEY_LSApplicationCategoryType = "";
				INFOPLIST_KEY_NSBluetoothAlwaysUsageDescription = "Bluetooth is required to use this app :) TURN IT ON";
				INFOPLIST_KEY_NSHumanReadableCopyright = "";
				"INFOPLIST_KEY_UIApplicationSceneManifest_Generation[sdk=iphoneos*]" = YES;
				"INFOPLIST_KEY_UIApplicationSceneManifest_Generation[sdk=iphonesimulator*]" = YES;
				"INFOPLIST_KEY_UIApplicationSupportsIndirectInputEvents[sdk=iphoneos*]" = YES;
				"INFOPLIST_KEY_UIApplicationSupportsIndirectInputEvents[sdk=iphonesimulator*]" = YES;
				"INFOPLIST_KEY_UILaunchScreen_Generation[sdk=iphoneos*]" = YES;
				"INFOPLIST_KEY_UILaunchScreen_Generation[sdk=iphonesimulator*]" = YES;
				"INFOPLIST_KEY_UIStatusBarStyle[sdk=iphoneos*]" = UIStatusBarStyleDefault;
				"INFOPLIST_KEY_UIStatusBarStyle[sdk=iphonesimulator*]" = UIStatusBarStyleDefault;
				INFOPLIST_KEY_UISupportedInterfaceOrientations_iPad = "UIInterfaceOrientationPortrait UIInterfaceOrientationPortraitUpsideDown UIInterfaceOrientationLandscapeLeft UIInterfaceOrientationLandscapeRight";
				INFOPLIST_KEY_UISupportedInterfaceOrientations_iPhone = "UIInterfaceOrientationPortrait UIInterfaceOrientationLandscapeLeft UIInterfaceOrientationLandscapeRight";
				IPHONEOS_DEPLOYMENT_TARGET = 16.0;
				LD_RUNPATH_SEARCH_PATHS = "@executable_path/Frameworks";
				"LD_RUNPATH_SEARCH_PATHS[sdk=macosx*]" = "@executable_path/../Frameworks";
				MACOSX_DEPLOYMENT_TARGET = 13.0;
				MARKETING_VERSION = 1.0;
				PRODUCT_BUNDLE_IDENTIFIER = vibesprea.VibespreaPrototype;
				PRODUCT_NAME = "$(TARGET_NAME)";
				SDKROOT = auto;
				SUPPORTED_PLATFORMS = "iphoneos iphonesimulator macosx";
				SWIFT_EMIT_LOC_STRINGS = YES;
				SWIFT_VERSION = 5.0;
				TARGETED_DEVICE_FAMILY = "1,2";
			};
			name = Release;
		};
		38FA9FF5293BB21900D90C32 /* Debug */ = {
			isa = XCBuildConfiguration;
			buildSettings = {
				ALWAYS_EMBED_SWIFT_STANDARD_LIBRARIES = YES;
				BUNDLE_LOADER = "$(TEST_HOST)";
				CODE_SIGN_STYLE = Automatic;
				CURRENT_PROJECT_VERSION = 1;
				DEVELOPMENT_TEAM = RBWS8V3FGU;
				GENERATE_INFOPLIST_FILE = YES;
				IPHONEOS_DEPLOYMENT_TARGET = 16.1;
				MACOSX_DEPLOYMENT_TARGET = 13.0;
				MARKETING_VERSION = 1.0;
				PRODUCT_BUNDLE_IDENTIFIER = vibesprea.VibespreaPrototypeTests;
				PRODUCT_NAME = "$(TARGET_NAME)";
				SDKROOT = auto;
				SUPPORTED_PLATFORMS = "iphoneos iphonesimulator macosx";
				SWIFT_EMIT_LOC_STRINGS = NO;
				SWIFT_VERSION = 5.0;
				TARGETED_DEVICE_FAMILY = "1,2";
				TEST_HOST = "$(BUILT_PRODUCTS_DIR)/VibespreaPrototype.app/$(BUNDLE_EXECUTABLE_FOLDER_PATH)/VibespreaPrototype";
			};
			name = Debug;
		};
		38FA9FF6293BB21900D90C32 /* Release */ = {
			isa = XCBuildConfiguration;
			buildSettings = {
				ALWAYS_EMBED_SWIFT_STANDARD_LIBRARIES = YES;
				BUNDLE_LOADER = "$(TEST_HOST)";
				CODE_SIGN_STYLE = Automatic;
				CURRENT_PROJECT_VERSION = 1;
				DEVELOPMENT_TEAM = RBWS8V3FGU;
				GENERATE_INFOPLIST_FILE = YES;
				IPHONEOS_DEPLOYMENT_TARGET = 16.1;
				MACOSX_DEPLOYMENT_TARGET = 13.0;
				MARKETING_VERSION = 1.0;
				PRODUCT_BUNDLE_IDENTIFIER = vibesprea.VibespreaPrototypeTests;
				PRODUCT_NAME = "$(TARGET_NAME)";
				SDKROOT = auto;
				SUPPORTED_PLATFORMS = "iphoneos iphonesimulator macosx";
				SWIFT_EMIT_LOC_STRINGS = NO;
				SWIFT_VERSION = 5.0;
				TARGETED_DEVICE_FAMILY = "1,2";
				TEST_HOST = "$(BUILT_PRODUCTS_DIR)/VibespreaPrototype.app/$(BUNDLE_EXECUTABLE_FOLDER_PATH)/VibespreaPrototype";
			};
			name = Release;
		};
		38FA9FF8293BB21900D90C32 /* Debug */ = {
			isa = XCBuildConfiguration;
			buildSettings = {
				ALWAYS_EMBED_SWIFT_STANDARD_LIBRARIES = YES;
				CODE_SIGN_STYLE = Automatic;
				CURRENT_PROJECT_VERSION = 1;
				DEVELOPMENT_TEAM = RBWS8V3FGU;
				GENERATE_INFOPLIST_FILE = YES;
				IPHONEOS_DEPLOYMENT_TARGET = 16.1;
				MACOSX_DEPLOYMENT_TARGET = 13.0;
				MARKETING_VERSION = 1.0;
				PRODUCT_BUNDLE_IDENTIFIER = vibesprea.VibespreaPrototypeUITests;
				PRODUCT_NAME = "$(TARGET_NAME)";
				SDKROOT = auto;
				SUPPORTED_PLATFORMS = "iphoneos iphonesimulator macosx";
				SWIFT_EMIT_LOC_STRINGS = NO;
				SWIFT_VERSION = 5.0;
				TARGETED_DEVICE_FAMILY = "1,2";
				TEST_TARGET_NAME = VibespreaPrototype;
			};
			name = Debug;
		};
		38FA9FF9293BB21900D90C32 /* Release */ = {
			isa = XCBuildConfiguration;
			buildSettings = {
				ALWAYS_EMBED_SWIFT_STANDARD_LIBRARIES = YES;
				CODE_SIGN_STYLE = Automatic;
				CURRENT_PROJECT_VERSION = 1;
				DEVELOPMENT_TEAM = RBWS8V3FGU;
				GENERATE_INFOPLIST_FILE = YES;
				IPHONEOS_DEPLOYMENT_TARGET = 16.1;
				MACOSX_DEPLOYMENT_TARGET = 13.0;
				MARKETING_VERSION = 1.0;
				PRODUCT_BUNDLE_IDENTIFIER = vibesprea.VibespreaPrototypeUITests;
				PRODUCT_NAME = "$(TARGET_NAME)";
				SDKROOT = auto;
				SUPPORTED_PLATFORMS = "iphoneos iphonesimulator macosx";
				SWIFT_EMIT_LOC_STRINGS = NO;
				SWIFT_VERSION = 5.0;
				TARGETED_DEVICE_FAMILY = "1,2";
				TEST_TARGET_NAME = VibespreaPrototype;
			};
			name = Release;
		};
/* End XCBuildConfiguration section */

/* Begin XCConfigurationList section */
		38FA9FC2293BB21700D90C32 /* Build configuration list for PBXProject "VibespreaPrototype" */ = {
			isa = XCConfigurationList;
			buildConfigurations = (
				38FA9FEF293BB21900D90C32 /* Debug */,
				38FA9FF0293BB21900D90C32 /* Release */,
			);
			defaultConfigurationIsVisible = 0;
			defaultConfigurationName = Release;
		};
		38FA9FF1293BB21900D90C32 /* Build configuration list for PBXNativeTarget "VibespreaPrototype" */ = {
			isa = XCConfigurationList;
			buildConfigurations = (
				38FA9FF2293BB21900D90C32 /* Debug */,
				38FA9FF3293BB21900D90C32 /* Release */,
			);
			defaultConfigurationIsVisible = 0;
			defaultConfigurationName = Release;
		};
		38FA9FF4293BB21900D90C32 /* Build configuration list for PBXNativeTarget "VibespreaPrototypeTests" */ = {
			isa = XCConfigurationList;
			buildConfigurations = (
				38FA9FF5293BB21900D90C32 /* Debug */,
				38FA9FF6293BB21900D90C32 /* Release */,
			);
			defaultConfigurationIsVisible = 0;
			defaultConfigurationName = Release;
		};
		38FA9FF7293BB21900D90C32 /* Build configuration list for PBXNativeTarget "VibespreaPrototypeUITests" */ = {
			isa = XCConfigurationList;
			buildConfigurations = (
				38FA9FF8293BB21900D90C32 /* Debug */,
				38FA9FF9293BB21900D90C32 /* Release */,
			);
			defaultConfigurationIsVisible = 0;
			defaultConfigurationName = Release;
		};
/* End XCConfigurationList section */

/* Begin XCRemoteSwiftPackageReference section */
		388FCA7529469C420064FE05 /* XCRemoteSwiftPackageReference "IOS-nRF-Mesh-Library" */ = {
			isa = XCRemoteSwiftPackageReference;
			repositoryURL = "https://github.com/NordicSemiconductor/IOS-nRF-Mesh-Library";
			requirement = {
				kind = upToNextMinorVersion;
				minimumVersion = 3.2.0;
			};
		};
/* End XCRemoteSwiftPackageReference section */

/* Begin XCSwiftPackageProductDependency section */
		388FCA7629469C430064FE05 /* NordicMesh */ = {
			isa = XCSwiftPackageProductDependency;
			package = 388FCA7529469C420064FE05 /* XCRemoteSwiftPackageReference "IOS-nRF-Mesh-Library" */;
			productName = NordicMesh;
		};
/* End XCSwiftPackageProductDependency section */

/* Begin XCVersionGroup section */
		38FA9FCE293BB21700D90C32 /* VibespreaPrototype.xcdatamodeld */ = {
			isa = XCVersionGroup;
			children = (
				38FA9FCF293BB21700D90C32 /* VibespreaPrototype.xcdatamodel */,
			);
			currentVersion = 38FA9FCF293BB21700D90C32 /* VibespreaPrototype.xcdatamodel */;
			path = VibespreaPrototype.xcdatamodeld;
			sourceTree = "<group>";
			versionGroupType = wrapper.xcdatamodel;
		};
/* End XCVersionGroup section */
	};
	rootObject = 38FA9FBF293BB21700D90C32 /* Project object */;
}
